
Microsoft Visual Studio Solution File, Format Version 12.00
# Visual Studio Version 17
VisualStudioVersion = 17.10.34916.146
MinimumVisualStudioVersion = 10.0.40219.1
Project("{FAE04EC0-301F-11D3-BF4B-00C04F79EFBC}") = "ProjeDeneme", "ProjeDeneme\ProjeDeneme.csproj", "{C826F2E4-6C3B-40B7-B6D0-A488398DF517}"
EndProject
Global
	GlobalSection(SolutionConfigurationPlatforms) = preSolution
		Debug|Any CPU = Debug|Any CPU
		Release|Any CPU = Release|Any CPU
	EndGlobalSection
	GlobalSection(ProjectConfigurationPlatforms) = postSolution
		{C826F2E4-6C3B-40B7-B6D0-A488398DF517}.Debug|Any CPU.ActiveCfg = Debug|Any CPU
		{C826F2E4-6C3B-40B7-B6D0-A488398DF517}.Debug|Any CPU.Build.0 = Debug|Any CPU
		{C826F2E4-6C3B-40B7-B6D0-A488398DF517}.Release|Any CPU.ActiveCfg = Release|Any CPU
		{C826F2E4-6C3B-40B7-B6D0-A488398DF517}.Release|Any CPU.Build.0 = Release|Any CPU
	EndGlobalSection
	GlobalSection(SolutionProperties) = preSolution
		HideSolutionNode = FALSE
	EndGlobalSection
	GlobalSection(ExtensibilityGlobals) = postSolution
		SolutionGuid = {4BA8FF1C-8646-4E05-834F-0E1DB6519F74}
	EndGlobalSection
EndGlobal
